// !$*UTF8*$!
{
	archiveVersion = 1;
	classes = {
	};
	objectVersion = 46;
	objects = {

/* Begin PBXBuildFile section */
		80D613651E84EE9900CAC2DB /* AppDelegate.swift in Sources */ = {isa = PBXBuildFile; fileRef = 80D613641E84EE9900CAC2DB /* AppDelegate.swift */; };
		80D613671E84EE9900CAC2DB /* ViewController.swift in Sources */ = {isa = PBXBuildFile; fileRef = 80D613661E84EE9900CAC2DB /* ViewController.swift */; };
		80D6136A1E84EE9900CAC2DB /* Main.storyboard in Resources */ = {isa = PBXBuildFile; fileRef = 80D613681E84EE9900CAC2DB /* Main.storyboard */; };
		80D6136C1E84EE9900CAC2DB /* Assets.xcassets in Resources */ = {isa = PBXBuildFile; fileRef = 80D6136B1E84EE9900CAC2DB /* Assets.xcassets */; };
		80D6136F1E84EE9900CAC2DB /* LaunchScreen.storyboard in Resources */ = {isa = PBXBuildFile; fileRef = 80D6136D1E84EE9900CAC2DB /* LaunchScreen.storyboard */; };
		80D613771E84F04200CAC2DB /* TableViewController.swift in Sources */ = {isa = PBXBuildFile; fileRef = 80D613761E84F04200CAC2DB /* TableViewController.swift */; };
/* End PBXBuildFile section */

/* Begin PBXFileReference section */
		80D613611E84EE9900CAC2DB /* TableViewControllerDemo.app */ = {isa = PBXFileReference; explicitFileType = wrapper.application; includeInIndex = 0; path = TableViewControllerDemo.app; sourceTree = BUILT_PRODUCTS_DIR; };
		80D613641E84EE9900CAC2DB /* AppDelegate.swift */ = {isa = PBXFileReference; lastKnownFileType = sourcecode.swift; path = AppDelegate.swift; sourceTree = "<group>"; };
		80D613661E84EE9900CAC2DB /* ViewController.swift */ = {isa = PBXFileReference; lastKnownFileType = sourcecode.swift; path = ViewController.swift; sourceTree = "<group>"; };
		80D613691E84EE9900CAC2DB /* Base */ = {isa = PBXFileReference; lastKnownFileType = file.storyboard; name = Base; path = Base.lproj/Main.storyboard; sourceTree = "<group>"; };
		80D6136B1E84EE9900CAC2DB /* Assets.xcassets */ = {isa = PBXFileReference; lastKnownFileType = folder.assetcatalog; path = Assets.xcassets; sourceTree = "<group>"; };
		80D6136E1E84EE9900CAC2DB /* Base */ = {isa = PBXFileReference; lastKnownFileType = file.storyboard; name = Base; path = Base.lproj/LaunchScreen.storyboard; sourceTree = "<group>"; };
		80D613701E84EE9900CAC2DB /* Info.plist */ = {isa = PBXFileReference; lastKnownFileType = text.plist.xml; path = Info.plist; sourceTree = "<group>"; };
		80D613761E84F04200CAC2DB /* TableViewController.swift */ = {isa = PBXFileReference; fileEncoding = 4; lastKnownFileType = sourcecode.swift; path = TableViewController.swift; sourceTree = "<group>"; };
/* End PBXFileReference section */

/* Begin PBXFrameworksBuildPhase section */
		80D6135E1E84EE9900CAC2DB /* Frameworks */ = {
			isa = PBXFrameworksBuildPhase;
			buildActionMask = 2147483647;
			files = (
			);
			runOnlyForDeploymentPostprocessing = 0;
		};
/* End PBXFrameworksBuildPhase section */

/* Begin PBXGroup section */
		80D613581E84EE9900CAC2DB = {
			isa = PBXGroup;
			children = (
				80D613631E84EE9900CAC2DB /* TableViewControllerDemo */,
				80D613621E84EE9900CAC2DB /* Products */,
			);
			sourceTree = "<group>";
		};
		80D613621E84EE9900CAC2DB /* Products */ = {
			isa = PBXGroup;
			children = (
				80D613611E84EE9900CAC2DB /* TableViewControllerDemo.app */,
			);
			name = Products;
			sourceTree = "<group>";
		};
		80D613631E84EE9900CAC2DB /* TableViewControllerDemo */ = {
			isa = PBXGroup;
			children = (
				80D613641E84EE9900CAC2DB /* AppDelegate.swift */,
				80D613661E84EE9900CAC2DB /* ViewController.swift */,
				80D613761E84F04200CAC2DB /* TableViewController.swift */,
				80D613681E84EE9900CAC2DB /* Main.storyboard */,
				80D6136B1E84EE9900CAC2DB /* Assets.xcassets */,
				80D6136D1E84EE9900CAC2DB /* LaunchScreen.storyboard */,
				80D613701E84EE9900CAC2DB /* Info.plist */,
			);
			path = TableViewControllerDemo;
			sourceTree = "<group>";
		};
/* End PBXGroup section */

/* Begin PBXNativeTarget section */
		80D613601E84EE9900CAC2DB /* TableViewControllerDemo */ = {
			isa = PBXNativeTarget;
			buildConfigurationList = 80D613731E84EE9900CAC2DB /* Build configuration list for PBXNativeTarget "TableViewControllerDemo" */;
			buildPhases = (
				80D6135D1E84EE9900CAC2DB /* Sources */,
				80D6135E1E84EE9900CAC2DB /* Frameworks */,
				80D6135F1E84EE9900CAC2DB /* Resources */,
			);
			buildRules = (
			);
			dependencies = (
			);
			name = TableViewControllerDemo;
			productName = TableViewControllerDemo;
			productReference = 80D613611E84EE9900CAC2DB /* TableViewControllerDemo.app */;
			productType = "com.apple.product-type.application";
		};
/* End PBXNativeTarget section */

/* Begin PBXProject section */
		80D613591E84EE9900CAC2DB /* Project object */ = {
			isa = PBXProject;
			attributes = {
				LastSwiftUpdateCheck = 0820;
				LastUpgradeCheck = 0820;
				ORGANIZATIONNAME = zhuxuhong;
				TargetAttributes = {
					80D613601E84EE9900CAC2DB = {
						CreatedOnToolsVersion = 8.2.1;
						ProvisioningStyle = Manual;
					};
				};
			};
			buildConfigurationList = 80D6135C1E84EE9900CAC2DB /* Build configuration list for PBXProject "TableViewControllerDemo" */;
			compatibilityVersion = "Xcode 3.2";
			developmentRegion = English;
			hasScannedForEncodings = 0;
			knownRegions = (
				en,
				Base,
			);
			mainGroup = 80D613581E84EE9900CAC2DB;
			productRefGroup = 80D613621E84EE9900CAC2DB /* Products */;
			projectDirPath = "";
			projectRoot = "";
			targets = (
				80D613601E84EE9900CAC2DB /* TableViewControllerDemo */,
			);
		};
/* End PBXProject section */

/* Begin PBXResourcesBuildPhase section */
		80D6135F1E84EE9900CAC2DB /* Resources */ = {
			isa = PBXResourcesBuildPhase;
			buildActionMask = 2147483647;
			files = (
				80D6136F1E84EE9900CAC2DB /* LaunchScreen.storyboard in Resources */,
				80D6136C1E84EE9900CAC2DB /* Assets.xcassets in Resources */,
				80D6136A1E84EE9900CAC2DB /* Main.storyboard in Resources */,
			);
			runOnlyForDeploymentPostprocessing = 0;
		};
/* End PBXResourcesBuildPhase section */

/* Begin PBXSourcesBuildPhase section */
		80D6135D1E84EE9900CAC2DB /* Sources */ = {
			isa = PBXSourcesBuildPhase;
			buildActionMask = 2147483647;
			files = (
				80D613671E84EE9900CAC2DB /* ViewController.swift in Sources */,
				80D613771E84F04200CAC2DB /* TableViewController.swift in Sources */,
				80D613651E84EE9900CAC2DB /* AppDelegate.swift in Sources */,
			);
			runOnlyForDeploymentPostprocessing = 0;
		};
/* End PBXSourcesBuildPhase section */

/* Begin PBXVariantGroup section */
		80D613681E84EE9900CAC2DB /* Main.storyboard */ = {
			isa = PBXVariantGroup;
			children = (
				80D613691E84EE9900CAC2DB /* Base */,
			);
			name = Main.storyboard;
			sourceTree = "<group>";
		};
		80D6136D1E84EE9900CAC2DB /* LaunchScreen.storyboard */ = {
			isa = PBXVariantGroup;
			children = (
				80D6136E1E84EE9900CAC2DB /* Base */,
			);
			name = LaunchScreen.storyboard;
			sourceTree = "<group>";
		};
/* End PBXVariantGroup section */

/* Begin XCBuildConfiguration section */
		80D613711E84EE9900CAC2DB /* Debug */ = {
			isa = XCBuildConfiguration;
			buildSettings = {
				ALWAYS_SEARCH_USER_PATHS = NO;
				CLANG_ANALYZER_NONNULL = YES;
				CLANG_CXX_LANGUAGE_STANDARD = "gnu++0x";
				CLANG_CXX_LIBRARY = "libc++";
				CLANG_ENABLE_MODULES = YES;
				CLANG_ENABLE_OBJC_ARC = YES;
				CLANG_WARN_BOOL_CONVERSION = YES;
				CLANG_WARN_CONSTANT_CONVERSION = YES;
				CLANG_WARN_DIRECT_OBJC_ISA_USAGE = YES_ERROR;
				CLANG_WARN_DOCUMENTATION_COMMENTS = YES;
				CLANG_WARN_EMPTY_BODY = YES;
				CLANG_WARN_ENUM_CONVERSION = YES;
				CLANG_WARN_INFINITE_RECURSION = YES;
				CLANG_WARN_INT_CONVERSION = YES;
				CLANG_WARN_OBJC_ROOT_CLASS = YES_ERROR;
				CLANG_WARN_SUSPICIOUS_MOVE = YES;
				CLANG_WARN_UNREACHABLE_CODE = YES;
				CLANG_WARN__DUPLICATE_METHOD_MATCH = YES;
				"CODE_SIGN_IDENTITY[sdk=iphoneos*]" = "iPhone Developer";
				COPY_PHASE_STRIP = NO;
				DEBUG_INFORMATION_FORMAT = dwarf;
				ENABLE_STRICT_OBJC_MSGSEND = YES;
				ENABLE_TESTABILITY = YES;
				GCC_C_LANGUAGE_STANDARD = gnu99;
				GCC_DYNAMIC_NO_PIC = NO;
				GCC_NO_COMMON_BLOCKS = YES;
				GCC_OPTIMIZATION_LEVEL = 0;
				GCC_PREPROCESSOR_DEFINITIONS = (
					"DEBUG=1",
					"$(inherited)",
				);
				GCC_WARN_64_TO_32_BIT_CONVERSION = YES;
				GCC_WARN_ABOUT_RETURN_TYPE = YES_ERROR;
				GCC_WARN_UNDECLARED_SELECTOR = YES;
				GCC_WARN_UNINITIALIZED_AUTOS = YES_AGGRESSIVE;
				GCC_WARN_UNUSED_FUNCTION = YES;
				GCC_WARN_UNUSED_VARIABLE = YES;
				IPHONEOS_DEPLOYMENT_TARGET = 10.2;
				MTL_ENABLE_DEBUG_INFO = YES;
				ONLY_ACTIVE_ARCH = YES;
				SDKROOT = iphoneos;
				SWIFT_ACTIVE_COMPILATION_CONDITIONS = DEBUG;
				SWIFT_OPTIMIZATION_LEVEL = "-Onone";
				TARGETED_DEVICE_FAMILY = "1,2";
			};
			name = Debug;
		};
		80D613721E84EE9900CAC2DB /* Release */ = {
			isa = XCBuildConfiguration;
			buildSettings = {
				ALWAYS_SEARCH_USER_PATHS = NO;
				CLANG_ANALYZER_NONNULL = YES;
				CLANG_CXX_LANGUAGE_STANDARD = "gnu++0x";
				CLANG_CXX_LIBRARY = "libc++";
				CLANG_ENABLE_MODULES = YES;
				CLANG_ENABLE_OBJC_ARC = YES;
				CLANG_WARN_BOOL_CONVERSION = YES;
				CLANG_WARN_CONSTANT_CONVERSION = YES;
				CLANG_WARN_DIRECT_OBJC_ISA_USAGE = YES_ERROR;
				CLANG_WARN_DOCUMENTATION_COMMENTS = YES;
				CLANG_WARN_EMPTY_BODY = YES;
				CLANG_WARN_ENUM_CONVERSION = YES;
				CLANG_WARN_INFINITE_RECURSION = YES;
				CLANG_WARN_INT_CONVERSION = YES;
				CLANG_WARN_OBJC_ROOT_CLASS = YES_ERROR;
				CLANG_WARN_SUSPICIOUS_MOVE = YES;
				CLANG_WARN_UNREACHABLE_CODE = YES;
				CLANG_WARN__DUPLICATE_METHOD_MATCH = YES;
				"CODE_SIGN_IDENTITY[sdk=iphoneos*]" = "iPhone Developer";
				COPY_PHASE_STRIP = NO;
				DEBUG_INFORMATION_FORMAT = "dwarf-with-dsym";
				ENABLE_NS_ASSERTIONS = NO;
				ENABLE_STRICT_OBJC_MSGSEND = YES;
				GCC_C_LANGUAGE_STANDARD = gnu99;
				GCC_NO_COMMON_BLOCKS = YES;
				GCC_WARN_64_TO_32_BIT_CONVERSION = YES;
				GCC_WARN_ABOUT_RETURN_TYPE = YES_ERROR;
				GCC_WARN_UNDECLARED_SELECTOR = YES;
				GCC_WARN_UNINITIALIZED_AUTOS = YES_AGGRESSIVE;
				GCC_WARN_UNUSED_FUNCTION = YES;
				GCC_WARN_UNUSED_VARIABLE = YES;
				IPHONEOS_DEPLOYMENT_TARGET = 10.2;
				MTL_ENABLE_DEBUG_INFO = NO;
				SDKROOT = iphoneos;
				SWIFT_OPTIMIZATION_LEVEL = "-Owholemodule";
				TARGETED_DEVICE_FAMILY = "1,2";
				VALIDATE_PRODUCT = YES;
			};
			name = Release;
		};
		80D613741E84EE9900CAC2DB /* Debug */ = {
			isa = XCBuildConfiguration;
			buildSettings = {
				ASSETCATALOG_COMPILER_APPICON_NAME = AppIcon;
				DEVELOPMENT_TEAM = "";
				INFOPLIST_FILE = TableViewControllerDemo/Info.plist;
				LD_RUNPATH_SEARCH_PATHS = "$(inherited) @executable_path/Frameworks";
				PRODUCT_BUNDLE_IDENTIFIER = com.founder.TableViewControllerDemo;
				PRODUCT_NAME = "$(TARGET_NAME)";
				SWIFT_VERSION = 3.0;
			};
			name = Debug;
		};
		80D613751E84EE9900CAC2DB /* Release */ = {
			isa = XCBuildConfiguration;
			buildSettings = {
				ASSETCATALOG_COMPILER_APPICON_NAME = AppIcon;
				DEVELOPMENT_TEAM = "";
				INFOPLIST_FILE = TableViewControllerDemo/Info.plist;
				LD_RUNPATH_SEARCH_PATHS = "$(inherited) @executable_path/Frameworks";
				PRODUCT_BUNDLE_IDENTIFIER = com.founder.TableViewControllerDemo;
				PRODUCT_NAME = "$(TARGET_NAME)";
				SWIFT_VERSION = 3.0;
			};
			name = Release;
		};
/* End XCBuildConfiguration section */

/* Begin XCConfigurationList section */
		80D6135C1E84EE9900CAC2DB /* Build configuration list for PBXProject "TableViewControllerDemo" */ = {
			isa = XCConfigurationList;
			buildConfigurations = (
				80D613711E84EE9900CAC2DB /* Debug */,
				80D613721E84EE9900CAC2DB /* Release */,
			);
			defaultConfigurationIsVisible = 0;
			defaultConfigurationName = Release;
		};
		80D613731E84EE9900CAC2DB /* Build configuration list for PBXNativeTarget "TableViewControllerDemo" */ = {
			isa = XCConfigurationList;
			buildConfigurations = (
				80D613741E84EE9900CAC2DB /* Debug */,
				80D613751E84EE9900CAC2DB /* Release */,
			);
			defaultConfigurationIsVisible = 0;
		};
/* End XCConfigurationList section */
	};
	rootObject = 80D613591E84EE9900CAC2DB /* Project object */;
}
